
Microsoft Visual Studio Solution File, Format Version 12.00
# Visual Studio Version 16
VisualStudioVersion = 16.0.31911.196
MinimumVisualStudioVersion = 10.0.40219.1
Project("{FAE04EC0-301F-11D3-BF4B-00C04F79EFBC}") = "Notes.Android", "Notes\Notes.Android\Notes.Android.csproj", "{13E88333-8121-4D0E-819B-C43E1E36B763}"
EndProject
Project("{FAE04EC0-301F-11D3-BF4B-00C04F79EFBC}") = "Notes.iOS", "Notes\Notes.iOS\Notes.iOS.csproj", "{7EBC4EF3-42F4-4BD9-A444-AAF15CAD01D9}"
EndProject
Project("{FAE04EC0-301F-11D3-BF4B-00C04F79EFBC}") = "Notes", "Notes\Notes\Notes.csproj", "{A3D88F5D-A603-4A41-B835-74D9EE7DAA15}"
EndProject
Global
	GlobalSection(SolutionConfigurationPlatforms) = preSolution
		Debug|Any CPU = Debug|Any CPU
		Debug|iPhone = Debug|iPhone
		Debug|iPhoneSimulator = Debug|iPhoneSimulator
		Release|Any CPU = Release|Any CPU
		Release|iPhone = Release|iPhone
		Release|iPhoneSimulator = Release|iPhoneSimulator
	EndGlobalSection
	GlobalSection(ProjectConfigurationPlatforms) = postSolution
		{13E88333-8121-4D0E-819B-C43E1E36B763}.Debug|Any CPU.ActiveCfg = Debug|Any CPU
		{13E88333-8121-4D0E-819B-C43E1E36B763}.Debug|Any CPU.Build.0 = Debug|Any CPU
		{13E88333-8121-4D0E-819B-C43E1E36B763}.Debug|Any CPU.Deploy.0 = Debug|Any CPU
		{13E88333-8121-4D0E-819B-C43E1E36B763}.Debug|iPhone.ActiveCfg = Debug|Any CPU
		{13E88333-8121-4D0E-819B-C43E1E36B763}.Debug|iPhone.Build.0 = Debug|Any CPU
		{13E88333-8121-4D0E-819B-C43E1E36B763}.Debug|iPhone.Deploy.0 = Debug|Any CPU
		{13E88333-8121-4D0E-819B-C43E1E36B763}.Debug|iPhoneSimulator.ActiveCfg = Debug|Any CPU
		{13E88333-8121-4D0E-819B-C43E1E36B763}.Debug|iPhoneSimulator.Build.0 = Debug|Any CPU
		{13E88333-8121-4D0E-819B-C43E1E36B763}.Debug|iPhoneSimulator.Deploy.0 = Debug|Any CPU
		{13E88333-8121-4D0E-819B-C43E1E36B763}.Release|Any CPU.ActiveCfg = Release|Any CPU
		{13E88333-8121-4D0E-819B-C43E1E36B763}.Release|Any CPU.Build.0 = Release|Any CPU
		{13E88333-8121-4D0E-819B-C43E1E36B763}.Release|Any CPU.Deploy.0 = Release|Any CPU
		{13E88333-8121-4D0E-819B-C43E1E36B763}.Release|iPhone.ActiveCfg = Release|Any CPU
		{13E88333-8121-4D0E-819B-C43E1E36B763}.Release|iPhone.Build.0 = Release|Any CPU
		{13E88333-8121-4D0E-819B-C43E1E36B763}.Release|iPhone.Deploy.0 = Release|Any CPU
		{13E88333-8121-4D0E-819B-C43E1E36B763}.Release|iPhoneSimulator.ActiveCfg = Release|Any CPU
		{13E88333-8121-4D0E-819B-C43E1E36B763}.Release|iPhoneSimulator.Build.0 = Release|Any CPU
		{13E88333-8121-4D0E-819B-C43E1E36B763}.Release|iPhoneSimulator.Deploy.0 = Release|Any CPU
		{7EBC4EF3-42F4-4BD9-A444-AAF15CAD01D9}.Debug|Any CPU.ActiveCfg = Debug|iPhone
		{7EBC4EF3-42F4-4BD9-A444-AAF15CAD01D9}.Debug|Any CPU.Build.0 = Debug|iPhone
		{7EBC4EF3-42F4-4BD9-A444-AAF15CAD01D9}.Debug|Any CPU.Deploy.0 = Debug|iPhone
		{7EBC4EF3-42F4-4BD9-A444-AAF15CAD01D9}.Debug|iPhone.ActiveCfg = Debug|iPhone
		{7EBC4EF3-42F4-4BD9-A444-AAF15CAD01D9}.Debug|iPhone.Build.0 = Debug|iPhone
		{7EBC4EF3-42F4-4BD9-A444-AAF15CAD01D9}.Debug|iPhone.Deploy.0 = Debug|iPhone
		{7EBC4EF3-42F4-4BD9-A444-AAF15CAD01D9}.Debug|iPhoneSimulator.ActiveCfg = Debug|iPhoneSimulator
		{7EBC4EF3-42F4-4BD9-A444-AAF15CAD01D9}.Debug|iPhoneSimulator.Build.0 = Debug|iPhoneSimulator
		{7EBC4EF3-42F4-4BD9-A444-AAF15CAD01D9}.Debug|iPhoneSimulator.Deploy.0 = Debug|iPhoneSimulator
		{7EBC4EF3-42F4-4BD9-A444-AAF15CAD01D9}.Release|Any CPU.ActiveCfg = Release|iPhoneSimulator
		{7EBC4EF3-42F4-4BD9-A444-AAF15CAD01D9}.Release|Any CPU.Build.0 = Release|iPhoneSimulator
		{7EBC4EF3-42F4-4BD9-A444-AAF15CAD01D9}.Release|Any CPU.Deploy.0 = Release|iPhoneSimulator
		{7EBC4EF3-42F4-4BD9-A444-AAF15CAD01D9}.Release|iPhone.ActiveCfg = Release|iPhone
		{7EBC4EF3-42F4-4BD9-A444-AAF15CAD01D9}.Release|iPhone.Build.0 = Release|iPhone
		{7EBC4EF3-42F4-4BD9-A444-AAF15CAD01D9}.Release|iPhone.Deploy.0 = Release|iPhone
		{7EBC4EF3-42F4-4BD9-A444-AAF15CAD01D9}.Release|iPhoneSimulator.ActiveCfg = Release|iPhoneSimulator
		{7EBC4EF3-42F4-4BD9-A444-AAF15CAD01D9}.Release|iPhoneSimulator.Build.0 = Release|iPhoneSimulator
		{7EBC4EF3-42F4-4BD9-A444-AAF15CAD01D9}.Release|iPhoneSimulator.Deploy.0 = Release|iPhoneSimulator
		{A3D88F5D-A603-4A41-B835-74D9EE7DAA15}.Debug|Any CPU.ActiveCfg = Debug|Any CPU
		{A3D88F5D-A603-4A41-B835-74D9EE7DAA15}.Debug|Any CPU.Build.0 = Debug|Any CPU
		{A3D88F5D-A603-4A41-B835-74D9EE7DAA15}.Debug|Any CPU.Deploy.0 = Debug|Any CPU
		{A3D88F5D-A603-4A41-B835-74D9EE7DAA15}.Debug|iPhone.ActiveCfg = Debug|Any CPU
		{A3D88F5D-A603-4A41-B835-74D9EE7DAA15}.Debug|iPhone.Build.0 = Debug|Any CPU
		{A3D88F5D-A603-4A41-B835-74D9EE7DAA15}.Debug|iPhone.Deploy.0 = Debug|Any CPU
		{A3D88F5D-A603-4A41-B835-74D9EE7DAA15}.Debug|iPhoneSimulator.ActiveCfg = Debug|Any CPU
		{A3D88F5D-A603-4A41-B835-74D9EE7DAA15}.Debug|iPhoneSimulator.Build.0 = Debug|Any CPU
		{A3D88F5D-A603-4A41-B835-74D9EE7DAA15}.Debug|iPhoneSimulator.Deploy.0 = Debug|Any CPU
		{A3D88F5D-A603-4A41-B835-74D9EE7DAA15}.Release|Any CPU.ActiveCfg = Release|Any CPU
		{A3D88F5D-A603-4A41-B835-74D9EE7DAA15}.Release|Any CPU.Build.0 = Release|Any CPU
		{A3D88F5D-A603-4A41-B835-74D9EE7DAA15}.Release|Any CPU.Deploy.0 = Release|Any CPU
		{A3D88F5D-A603-4A41-B835-74D9EE7DAA15}.Release|iPhone.ActiveCfg = Release|Any CPU
		{A3D88F5D-A603-4A41-B835-74D9EE7DAA15}.Release|iPhone.Build.0 = Release|Any CPU
		{A3D88F5D-A603-4A41-B835-74D9EE7DAA15}.Release|iPhone.Deploy.0 = Release|Any CPU
		{A3D88F5D-A603-4A41-B835-74D9EE7DAA15}.Release|iPhoneSimulator.ActiveCfg = Release|Any CPU
		{A3D88F5D-A603-4A41-B835-74D9EE7DAA15}.Release|iPhoneSimulator.Build.0 = Release|Any CPU
		{A3D88F5D-A603-4A41-B835-74D9EE7DAA15}.Release|iPhoneSimulator.Deploy.0 = Release|Any CPU
	EndGlobalSection
	GlobalSection(SolutionProperties) = preSolution
		HideSolutionNode = FALSE
	EndGlobalSection
	GlobalSection(ExtensibilityGlobals) = postSolution
		SolutionGuid = {0D08B86D-8470-4586-998F-20A03CDA2C17}
	EndGlobalSection
EndGlobal
